
Microsoft Visual Studio Solution File, Format Version 12.00
# Visual Studio Version 17
VisualStudioVersion = 17.1.32210.238
MinimumVisualStudioVersion = 10.0.40219.1
Project("{888888A0-9F3D-457C-B088-3A5042F75D52}") = "Gym Photo Recognizer", "Gym Photo Recognizer\Gym Photo Recognizer.pyproj", "{9B27EE2E-54C6-4BFF-9CB6-1DFD72688275}"
EndProject
Global
	GlobalSection(SolutionConfigurationPlatforms) = preSolution
		Debug|Any CPU = Debug|Any CPU
		Release|Any CPU = Release|Any CPU
	EndGlobalSection
	GlobalSection(ProjectConfigurationPlatforms) = postSolution
		{9B27EE2E-54C6-4BFF-9CB6-1DFD72688275}.Debug|Any CPU.ActiveCfg = Debug|Any CPU
		{9B27EE2E-54C6-4BFF-9CB6-1DFD72688275}.Release|Any CPU.ActiveCfg = Release|Any CPU
	EndGlobalSection
	GlobalSection(SolutionProperties) = preSolution
		HideSolutionNode = FALSE
	EndGlobalSection
	GlobalSection(ExtensibilityGlobals) = postSolution
		SolutionGuid = {8DC70BF6-8166-4E6D-A37F-6AB762657D8F}
	EndGlobalSection
EndGlobal
